Microsoft Visual Studio Solution File, Format Version 12.00
# Visual Studio Version 17
VisualStudioVersion = 17.5.2.0
MinimumVisualStudioVersion = 10.0.40219.1
Project("{FAE04EC0-301F-11D3-BF4B-00C04F79EFBC}") = "ZoozyApi", "ZoozyApi\ZoozyApi.csproj", "{DAE1ED6A-A037-3C81-52C7-120329DA593F}"
EndProject
Global
	GlobalSection(SolutionConfigurationPlatforms) = preSolution
		Debug|Any CPU = Debug|Any CPU
		Release|Any CPU = Release|Any CPU
	EndGlobalSection
	GlobalSection(ProjectConfigurationPlatforms) = postSolution
		{DAE1ED6A-A037-3C81-52C7-120329DA593F}.Debug|Any CPU.ActiveCfg = Debug|Any CPU
		{DAE1ED6A-A037-3C81-52C7-120329DA593F}.Debug|Any CPU.Build.0 = Debug|Any CPU
		{DAE1ED6A-A037-3C81-52C7-120329DA593F}.Release|Any CPU.ActiveCfg = Release|Any CPU
		{DAE1ED6A-A037-3C81-52C7-120329DA593F}.Release|Any CPU.Build.0 = Release|Any CPU
	EndGlobalSection
	GlobalSection(SolutionProperties) = preSolution
		HideSolutionNode = FALSE
	EndGlobalSection
	GlobalSection(ExtensibilityGlobals) = postSolution
		SolutionGuid = {90225DC1-327E-4163-9071-DD7B3A43C7E1}
	EndGlobalSection
EndGlobal
